
Microsoft Visual Studio Solution File, Format Version 12.00
# Visual Studio 14
VisualStudioVersion = 14.0.25420.1
MinimumVisualStudioVersion = 10.0.40219.1
Project("{8BB2217D-0F2D-49D1-97BC-3654ED321F3B}") = "TypescriptDemo", "TypescriptDemo\TypescriptDemo.xproj", "{80307F8D-6CE5-4AA3-93F0-C2474C12D0D0}"
EndProject
Project("{8BB2217D-0F2D-49D1-97BC-3654ED321F3B}") = "Angular2Demo", "Angular2Demo\Angular2Demo.xproj", "{CDB74E3C-D667-472C-8857-68502D767A95}"
EndProject
Global
	GlobalSection(SolutionConfigurationPlatforms) = preSolution
		Debug|Any CPU = Debug|Any CPU
		Release|Any CPU = Release|Any CPU
	EndGlobalSection
	GlobalSection(ProjectConfigurationPlatforms) = postSolution
		{80307F8D-6CE5-4AA3-93F0-C2474C12D0D0}.Debug|Any CPU.ActiveCfg = Debug|Any CPU
		{80307F8D-6CE5-4AA3-93F0-C2474C12D0D0}.Debug|Any CPU.Build.0 = Debug|Any CPU
		{80307F8D-6CE5-4AA3-93F0-C2474C12D0D0}.Release|Any CPU.ActiveCfg = Release|Any CPU
		{80307F8D-6CE5-4AA3-93F0-C2474C12D0D0}.Release|Any CPU.Build.0 = Release|Any CPU
		{CDB74E3C-D667-472C-8857-68502D767A95}.Debug|Any CPU.ActiveCfg = Debug|Any CPU
		{CDB74E3C-D667-472C-8857-68502D767A95}.Debug|Any CPU.Build.0 = Debug|Any CPU
		{CDB74E3C-D667-472C-8857-68502D767A95}.Release|Any CPU.ActiveCfg = Release|Any CPU
		{CDB74E3C-D667-472C-8857-68502D767A95}.Release|Any CPU.Build.0 = Release|Any CPU
	EndGlobalSection
	GlobalSection(SolutionProperties) = preSolution
		HideSolutionNode = FALSE
	EndGlobalSection
EndGlobal
